
Microsoft Visual Studio Solution File, Format Version 12.00
Project("{2150E333-8FDC-42A3-9474-1A3956D46DE8}") = "src", "src", "{FC3388A5-780A-43D2-B29D-FCBBDF014891}"
EndProject
Project("{2150E333-8FDC-42A3-9474-1A3956D46DE8}") = "test", "test", "{E3F53CBA-3CBA-4892-8055-E0AE5B9D8C9D}"
EndProject
Project("{FAE04EC0-301F-11D3-BF4B-00C04F79EFBC}") = "com.brettnamba.MlbTheShowForecaster.Core", "src\com.brettnamba.MlbTheShowForecaster.Core\com.brettnamba.MlbTheShowForecaster.Core.csproj", "{A343247B-BF0D-4BBB-97BA-793C01D5AD87}"
EndProject
Project("{FAE04EC0-301F-11D3-BF4B-00C04F79EFBC}") = "com.brettnamba.MlbTheShowForecaster.Core.Tests", "test\com.brettnamba.MlbTheShowForecaster.Core.Tests\com.brettnamba.MlbTheShowForecaster.Core.Tests.csproj", "{5F0A8271-3FE1-4F6A-A818-671ACE395BA5}"
EndProject
Project("{2150E333-8FDC-42A3-9474-1A3956D46DE8}") = "PlayerStatus", "PlayerStatus", "{E0CD3F64-1872-49E2-BB7C-FDD30EDA7EA8}"
EndProject
Project("{FAE04EC0-301F-11D3-BF4B-00C04F79EFBC}") = "com.brettnamba.MlbTheShowForecaster.PlayerStatus.Domain", "src\PlayerStatus\com.brettnamba.MlbTheShowForecaster.PlayerStatus.Domain\com.brettnamba.MlbTheShowForecaster.PlayerStatus.Domain.csproj", "{53796898-4128-4E59-B0B7-10086DDEA73C}"
EndProject
Project("{2150E333-8FDC-42A3-9474-1A3956D46DE8}") = "PlayerStatus", "PlayerStatus", "{27F9BB13-E7CD-4F5E-B5CE-1ECF34BE9815}"
EndProject
Project("{FAE04EC0-301F-11D3-BF4B-00C04F79EFBC}") = "com.brettnamba.MlbTheShowForecaster.PlayerStatus.Domain.Tests", "test\PlayerStatus\com.brettnamba.MlbTheShowForecaster.PlayerStatus.Domain.Tests\com.brettnamba.MlbTheShowForecaster.PlayerStatus.Domain.Tests.csproj", "{A6398B0E-7F63-4E1E-87B3-34EEE022DAAC}"
EndProject
Project("{FAE04EC0-301F-11D3-BF4B-00C04F79EFBC}") = "com.brettnamba.MlbTheShowForecaster.Common", "src\com.brettnamba.MlbTheShowForecaster.Common\com.brettnamba.MlbTheShowForecaster.Common.csproj", "{CA9C0A15-03BB-4669-98C8-F2569D499DCE}"
EndProject
Project("{FAE04EC0-301F-11D3-BF4B-00C04F79EFBC}") = "com.brettnamba.MlbTheShowForecaster.Common.Tests", "test\com.brettnamba.MlbTheShowForecaster.Common.Tests\com.brettnamba.MlbTheShowForecaster.Common.Tests.csproj", "{F697EF93-E159-4273-A35B-CBAE0934D40E}"
EndProject
Project("{FAE04EC0-301F-11D3-BF4B-00C04F79EFBC}") = "com.brettnamba.MlbTheShowForecaster.Common.Application", "src\com.brettnamba.MlbTheShowForecaster.Common.Application\com.brettnamba.MlbTheShowForecaster.Common.Application.csproj", "{C3A012F0-6FF1-4421-96E3-68E8FD085F02}"
EndProject
Project("{FAE04EC0-301F-11D3-BF4B-00C04F79EFBC}") = "com.brettnamba.MlbTheShowForecaster.PlayerStatus.Application", "src\PlayerStatus\com.brettnamba.MlbTheShowForecaster.PlayerStatus.Application\com.brettnamba.MlbTheShowForecaster.PlayerStatus.Application.csproj", "{6DDC7BBA-9362-4029-BB86-D0F0D9AE23E8}"
EndProject
Project("{FAE04EC0-301F-11D3-BF4B-00C04F79EFBC}") = "com.brettnamba.MlbTheShowForecaster.PlayerStatus.Application.Tests", "test\PlayerStatus\com.brettnamba.MlbTheShowForecaster.PlayerStatus.Application.Tests\com.brettnamba.MlbTheShowForecaster.PlayerStatus.Application.Tests.csproj", "{AFF39414-F7C6-43D5-A7B1-4CA904261EFA}"
EndProject
Global
	GlobalSection(SolutionConfigurationPlatforms) = preSolution
		Debug|Any CPU = Debug|Any CPU
		Release|Any CPU = Release|Any CPU
	EndGlobalSection
	GlobalSection(NestedProjects) = preSolution
		{A343247B-BF0D-4BBB-97BA-793C01D5AD87} = {FC3388A5-780A-43D2-B29D-FCBBDF014891}
		{5F0A8271-3FE1-4F6A-A818-671ACE395BA5} = {E3F53CBA-3CBA-4892-8055-E0AE5B9D8C9D}
		{E0CD3F64-1872-49E2-BB7C-FDD30EDA7EA8} = {FC3388A5-780A-43D2-B29D-FCBBDF014891}
		{53796898-4128-4E59-B0B7-10086DDEA73C} = {E0CD3F64-1872-49E2-BB7C-FDD30EDA7EA8}
		{27F9BB13-E7CD-4F5E-B5CE-1ECF34BE9815} = {E3F53CBA-3CBA-4892-8055-E0AE5B9D8C9D}
		{A6398B0E-7F63-4E1E-87B3-34EEE022DAAC} = {27F9BB13-E7CD-4F5E-B5CE-1ECF34BE9815}
		{CA9C0A15-03BB-4669-98C8-F2569D499DCE} = {FC3388A5-780A-43D2-B29D-FCBBDF014891}
		{F697EF93-E159-4273-A35B-CBAE0934D40E} = {E3F53CBA-3CBA-4892-8055-E0AE5B9D8C9D}
		{C3A012F0-6FF1-4421-96E3-68E8FD085F02} = {FC3388A5-780A-43D2-B29D-FCBBDF014891}
		{6DDC7BBA-9362-4029-BB86-D0F0D9AE23E8} = {E0CD3F64-1872-49E2-BB7C-FDD30EDA7EA8}
		{AFF39414-F7C6-43D5-A7B1-4CA904261EFA} = {27F9BB13-E7CD-4F5E-B5CE-1ECF34BE9815}
	EndGlobalSection
	GlobalSection(ProjectConfigurationPlatforms) = postSolution
		{A343247B-BF0D-4BBB-97BA-793C01D5AD87}.Debug|Any CPU.ActiveCfg = Debug|Any CPU
		{A343247B-BF0D-4BBB-97BA-793C01D5AD87}.Debug|Any CPU.Build.0 = Debug|Any CPU
		{A343247B-BF0D-4BBB-97BA-793C01D5AD87}.Release|Any CPU.ActiveCfg = Release|Any CPU
		{A343247B-BF0D-4BBB-97BA-793C01D5AD87}.Release|Any CPU.Build.0 = Release|Any CPU
		{5F0A8271-3FE1-4F6A-A818-671ACE395BA5}.Debug|Any CPU.ActiveCfg = Debug|Any CPU
		{5F0A8271-3FE1-4F6A-A818-671ACE395BA5}.Debug|Any CPU.Build.0 = Debug|Any CPU
		{5F0A8271-3FE1-4F6A-A818-671ACE395BA5}.Release|Any CPU.ActiveCfg = Release|Any CPU
		{5F0A8271-3FE1-4F6A-A818-671ACE395BA5}.Release|Any CPU.Build.0 = Release|Any CPU
		{53796898-4128-4E59-B0B7-10086DDEA73C}.Debug|Any CPU.ActiveCfg = Debug|Any CPU
		{53796898-4128-4E59-B0B7-10086DDEA73C}.Debug|Any CPU.Build.0 = Debug|Any CPU
		{53796898-4128-4E59-B0B7-10086DDEA73C}.Release|Any CPU.ActiveCfg = Release|Any CPU
		{53796898-4128-4E59-B0B7-10086DDEA73C}.Release|Any CPU.Build.0 = Release|Any CPU
		{A6398B0E-7F63-4E1E-87B3-34EEE022DAAC}.Debug|Any CPU.ActiveCfg = Debug|Any CPU
		{A6398B0E-7F63-4E1E-87B3-34EEE022DAAC}.Debug|Any CPU.Build.0 = Debug|Any CPU
		{A6398B0E-7F63-4E1E-87B3-34EEE022DAAC}.Release|Any CPU.ActiveCfg = Release|Any CPU
		{A6398B0E-7F63-4E1E-87B3-34EEE022DAAC}.Release|Any CPU.Build.0 = Release|Any CPU
		{CA9C0A15-03BB-4669-98C8-F2569D499DCE}.Debug|Any CPU.ActiveCfg = Debug|Any CPU
		{CA9C0A15-03BB-4669-98C8-F2569D499DCE}.Debug|Any CPU.Build.0 = Debug|Any CPU
		{CA9C0A15-03BB-4669-98C8-F2569D499DCE}.Release|Any CPU.ActiveCfg = Release|Any CPU
		{CA9C0A15-03BB-4669-98C8-F2569D499DCE}.Release|Any CPU.Build.0 = Release|Any CPU
		{F697EF93-E159-4273-A35B-CBAE0934D40E}.Debug|Any CPU.ActiveCfg = Debug|Any CPU
		{F697EF93-E159-4273-A35B-CBAE0934D40E}.Debug|Any CPU.Build.0 = Debug|Any CPU
		{F697EF93-E159-4273-A35B-CBAE0934D40E}.Release|Any CPU.ActiveCfg = Release|Any CPU
		{F697EF93-E159-4273-A35B-CBAE0934D40E}.Release|Any CPU.Build.0 = Release|Any CPU
		{C3A012F0-6FF1-4421-96E3-68E8FD085F02}.Debug|Any CPU.ActiveCfg = Debug|Any CPU
		{C3A012F0-6FF1-4421-96E3-68E8FD085F02}.Debug|Any CPU.Build.0 = Debug|Any CPU
		{C3A012F0-6FF1-4421-96E3-68E8FD085F02}.Release|Any CPU.ActiveCfg = Release|Any CPU
		{C3A012F0-6FF1-4421-96E3-68E8FD085F02}.Release|Any CPU.Build.0 = Release|Any CPU
		{6DDC7BBA-9362-4029-BB86-D0F0D9AE23E8}.Debug|Any CPU.ActiveCfg = Debug|Any CPU
		{6DDC7BBA-9362-4029-BB86-D0F0D9AE23E8}.Debug|Any CPU.Build.0 = Debug|Any CPU
		{6DDC7BBA-9362-4029-BB86-D0F0D9AE23E8}.Release|Any CPU.ActiveCfg = Release|Any CPU
		{6DDC7BBA-9362-4029-BB86-D0F0D9AE23E8}.Release|Any CPU.Build.0 = Release|Any CPU
		{AFF39414-F7C6-43D5-A7B1-4CA904261EFA}.Debug|Any CPU.ActiveCfg = Debug|Any CPU
		{AFF39414-F7C6-43D5-A7B1-4CA904261EFA}.Debug|Any CPU.Build.0 = Debug|Any CPU
		{AFF39414-F7C6-43D5-A7B1-4CA904261EFA}.Release|Any CPU.ActiveCfg = Release|Any CPU
		{AFF39414-F7C6-43D5-A7B1-4CA904261EFA}.Release|Any CPU.Build.0 = Release|Any CPU
	EndGlobalSection
EndGlobal
