
Microsoft Visual Studio Solution File, Format Version 12.00
Project("{2150E333-8FDC-42A3-9474-1A3956D46DE8}") = "src", "src", "{FC3388A5-780A-43D2-B29D-FCBBDF014891}"
EndProject
Project("{2150E333-8FDC-42A3-9474-1A3956D46DE8}") = "tests", "tests", "{E3F53CBA-3CBA-4892-8055-E0AE5B9D8C9D}"
EndProject
Project("{2150E333-8FDC-42A3-9474-1A3956D46DE8}") = "Common", "Common", "{986AA833-D26D-49CA-8A4B-DA2D90080988}"
EndProject
Project("{2150E333-8FDC-42A3-9474-1A3956D46DE8}") = "Common", "Common", "{EBC5336B-0DCF-4965-8098-2A4CF41D13AB}"
EndProject
Project("{FAE04EC0-301F-11D3-BF4B-00C04F79EFBC}") = "MlbTheShowForecaster.Common", "src\Common\MlbTheShowForecaster.Common\MlbTheShowForecaster.Common.csproj", "{037B88D0-DEA8-4F3E-83B8-94E49DF2641B}"
EndProject
Project("{FAE04EC0-301F-11D3-BF4B-00C04F79EFBC}") = "MlbTheShowForecaster.Common.Tests", "tests\Common\MlbTheShowForecaster.Common.Tests\MlbTheShowForecaster.Common.Tests.csproj", "{87F97393-5781-4D04-8310-230C25177873}"
EndProject
Project("{FAE04EC0-301F-11D3-BF4B-00C04F79EFBC}") = "MlbTheShowForecaster.Common.Domain", "src\Common\MlbTheShowForecaster.Common.Domain\MlbTheShowForecaster.Common.Domain.csproj", "{15D6FA04-4856-4A1D-A116-B959DD6897B6}"
EndProject
Project("{FAE04EC0-301F-11D3-BF4B-00C04F79EFBC}") = "MlbTheShowForecaster.Common.Domain.Tests", "tests\Common\MlbTheShowForecaster.Common.Domain.Tests\MlbTheShowForecaster.Common.Domain.Tests.csproj", "{C0A052BC-84AB-4362-AFD3-CD51C3051941}"
EndProject
Project("{FAE04EC0-301F-11D3-BF4B-00C04F79EFBC}") = "MlbTheShowForecaster.Common.Application", "src\Common\MlbTheShowForecaster.Common.Application\MlbTheShowForecaster.Common.Application.csproj", "{8E4D86C1-4DD7-4E08-B909-4CA82B28806C}"
EndProject
Project("{FAE04EC0-301F-11D3-BF4B-00C04F79EFBC}") = "MlbTheShowForecaster.Common.Application.Tests", "tests\Common\MlbTheShowForecaster.Common.Application.Tests\MlbTheShowForecaster.Common.Application.Tests.csproj", "{0D378AE4-4058-448D-BF8C-7CA87951D65B}"
EndProject
Project("{FAE04EC0-301F-11D3-BF4B-00C04F79EFBC}") = "MlbTheShowForecaster.Common.Infrastructure", "src\Common\MlbTheShowForecaster.Common.Infrastructure\MlbTheShowForecaster.Common.Infrastructure.csproj", "{172E7160-F79E-465E-85E7-A1FCC695E4E9}"
EndProject
Project("{FAE04EC0-301F-11D3-BF4B-00C04F79EFBC}") = "MlbTheShowForecaster.Common.Infrastructure.Tests", "tests\Common\MlbTheShowForecaster.Common.Infrastructure.Tests\MlbTheShowForecaster.Common.Infrastructure.Tests.csproj", "{C2AF7DB6-0604-40F3-8FB3-C50748EEC505}"
EndProject
Project("{2150E333-8FDC-42A3-9474-1A3956D46DE8}") = "ExternalApis", "ExternalApis", "{66F546AA-1C24-41E6-B2B5-CC3D9D76784C}"
EndProject
Project("{2150E333-8FDC-42A3-9474-1A3956D46DE8}") = "ExternalApis", "ExternalApis", "{DF0E0A8C-6B01-472A-9BB1-82F65F5576F1}"
EndProject
Project("{FAE04EC0-301F-11D3-BF4B-00C04F79EFBC}") = "MlbTheShowForecaster.ExternalApis.MlbApi", "src\ExternalApis\MlbTheShowForecaster.ExternalApis.MlbApi\MlbTheShowForecaster.ExternalApis.MlbApi.csproj", "{45E7A02B-CF5F-43BA-BEE1-C7082FC9F4E5}"
EndProject
Project("{FAE04EC0-301F-11D3-BF4B-00C04F79EFBC}") = "MlbTheShowForecaster.ExternalApis.MlbApi.Tests", "tests\ExternalApis\MlbTheShowForecaster.ExternalApis.MlbApi.Tests\MlbTheShowForecaster.ExternalApis.MlbApi.Tests.csproj", "{B45991C9-5A20-43EF-8F91-2AFA34D753F6}"
EndProject
Project("{2150E333-8FDC-42A3-9474-1A3956D46DE8}") = "PlayerStatus", "PlayerStatus", "{0C5E284D-401E-434F-BB34-3686F539AAFD}"
EndProject
Project("{2150E333-8FDC-42A3-9474-1A3956D46DE8}") = "PlayerStatus", "PlayerStatus", "{BF2368C4-74CE-4B23-91C1-11CF1495E01B}"
EndProject
Project("{FAE04EC0-301F-11D3-BF4B-00C04F79EFBC}") = "MlbTheShowForecaster.PlayerStatus.Domain", "src\PlayerStatus\MlbTheShowForecaster.PlayerStatus.Domain\MlbTheShowForecaster.PlayerStatus.Domain.csproj", "{8F9A99AD-7D7B-402D-8D2E-4BE6554F2525}"
EndProject
Project("{FAE04EC0-301F-11D3-BF4B-00C04F79EFBC}") = "MlbTheShowForecaster.PlayerStatus.Domain.Tests", "tests\PlayerStatus\MlbTheShowForecaster.PlayerStatus.Domain.Tests\MlbTheShowForecaster.PlayerStatus.Domain.Tests.csproj", "{2007D5A3-388F-43B1-9EE5-7779261324C9}"
EndProject
Project("{FAE04EC0-301F-11D3-BF4B-00C04F79EFBC}") = "MlbTheShowForecaster.PlayerStatus.Application", "src\PlayerStatus\MlbTheShowForecaster.PlayerStatus.Application\MlbTheShowForecaster.PlayerStatus.Application.csproj", "{755EF18F-C65D-45B7-A0AC-529CCBAD8492}"
EndProject
Project("{FAE04EC0-301F-11D3-BF4B-00C04F79EFBC}") = "MlbTheShowForecaster.PlayerStatus.Application.Tests", "tests\PlayerStatus\MlbTheShowForecaster.PlayerStatus.Application.Tests\MlbTheShowForecaster.PlayerStatus.Application.Tests.csproj", "{7BF4FA94-5B77-4F8D-B839-F7FF54964683}"
EndProject
Project("{FAE04EC0-301F-11D3-BF4B-00C04F79EFBC}") = "MlbTheShowForecaster.PlayerStatus.Infrastructure", "src\PlayerStatus\MlbTheShowForecaster.PlayerStatus.Infrastructure\MlbTheShowForecaster.PlayerStatus.Infrastructure.csproj", "{DC1BB92C-3AB4-4658-A7E6-5593842D8B6C}"
EndProject
Project("{FAE04EC0-301F-11D3-BF4B-00C04F79EFBC}") = "MlbTheShowForecaster.PlayerStatus.Infrastructure.Tests", "tests\PlayerStatus\MlbTheShowForecaster.PlayerStatus.Infrastructure.Tests\MlbTheShowForecaster.PlayerStatus.Infrastructure.Tests.csproj", "{C93B6621-6D76-445B-9AE1-11CBD91909FE}"
EndProject
Global
	GlobalSection(SolutionConfigurationPlatforms) = preSolution
		Debug|Any CPU = Debug|Any CPU
		Release|Any CPU = Release|Any CPU
	EndGlobalSection
	GlobalSection(NestedProjects) = preSolution
		{986AA833-D26D-49CA-8A4B-DA2D90080988} = {FC3388A5-780A-43D2-B29D-FCBBDF014891}
		{EBC5336B-0DCF-4965-8098-2A4CF41D13AB} = {E3F53CBA-3CBA-4892-8055-E0AE5B9D8C9D}
		{037B88D0-DEA8-4F3E-83B8-94E49DF2641B} = {986AA833-D26D-49CA-8A4B-DA2D90080988}
		{87F97393-5781-4D04-8310-230C25177873} = {EBC5336B-0DCF-4965-8098-2A4CF41D13AB}
		{15D6FA04-4856-4A1D-A116-B959DD6897B6} = {986AA833-D26D-49CA-8A4B-DA2D90080988}
		{C0A052BC-84AB-4362-AFD3-CD51C3051941} = {EBC5336B-0DCF-4965-8098-2A4CF41D13AB}
		{8E4D86C1-4DD7-4E08-B909-4CA82B28806C} = {986AA833-D26D-49CA-8A4B-DA2D90080988}
		{0D378AE4-4058-448D-BF8C-7CA87951D65B} = {EBC5336B-0DCF-4965-8098-2A4CF41D13AB}
		{172E7160-F79E-465E-85E7-A1FCC695E4E9} = {986AA833-D26D-49CA-8A4B-DA2D90080988}
		{C2AF7DB6-0604-40F3-8FB3-C50748EEC505} = {EBC5336B-0DCF-4965-8098-2A4CF41D13AB}
		{66F546AA-1C24-41E6-B2B5-CC3D9D76784C} = {FC3388A5-780A-43D2-B29D-FCBBDF014891}
		{DF0E0A8C-6B01-472A-9BB1-82F65F5576F1} = {E3F53CBA-3CBA-4892-8055-E0AE5B9D8C9D}
		{45E7A02B-CF5F-43BA-BEE1-C7082FC9F4E5} = {66F546AA-1C24-41E6-B2B5-CC3D9D76784C}
		{B45991C9-5A20-43EF-8F91-2AFA34D753F6} = {DF0E0A8C-6B01-472A-9BB1-82F65F5576F1}
		{0C5E284D-401E-434F-BB34-3686F539AAFD} = {FC3388A5-780A-43D2-B29D-FCBBDF014891}
		{BF2368C4-74CE-4B23-91C1-11CF1495E01B} = {E3F53CBA-3CBA-4892-8055-E0AE5B9D8C9D}
		{8F9A99AD-7D7B-402D-8D2E-4BE6554F2525} = {0C5E284D-401E-434F-BB34-3686F539AAFD}
		{2007D5A3-388F-43B1-9EE5-7779261324C9} = {BF2368C4-74CE-4B23-91C1-11CF1495E01B}
		{755EF18F-C65D-45B7-A0AC-529CCBAD8492} = {0C5E284D-401E-434F-BB34-3686F539AAFD}
		{7BF4FA94-5B77-4F8D-B839-F7FF54964683} = {BF2368C4-74CE-4B23-91C1-11CF1495E01B}
		{DC1BB92C-3AB4-4658-A7E6-5593842D8B6C} = {0C5E284D-401E-434F-BB34-3686F539AAFD}
		{C93B6621-6D76-445B-9AE1-11CBD91909FE} = {BF2368C4-74CE-4B23-91C1-11CF1495E01B}
	EndGlobalSection
	GlobalSection(ProjectConfigurationPlatforms) = postSolution
		{037B88D0-DEA8-4F3E-83B8-94E49DF2641B}.Debug|Any CPU.ActiveCfg = Debug|Any CPU
		{037B88D0-DEA8-4F3E-83B8-94E49DF2641B}.Debug|Any CPU.Build.0 = Debug|Any CPU
		{037B88D0-DEA8-4F3E-83B8-94E49DF2641B}.Release|Any CPU.ActiveCfg = Release|Any CPU
		{037B88D0-DEA8-4F3E-83B8-94E49DF2641B}.Release|Any CPU.Build.0 = Release|Any CPU
		{87F97393-5781-4D04-8310-230C25177873}.Debug|Any CPU.ActiveCfg = Debug|Any CPU
		{87F97393-5781-4D04-8310-230C25177873}.Debug|Any CPU.Build.0 = Debug|Any CPU
		{87F97393-5781-4D04-8310-230C25177873}.Release|Any CPU.ActiveCfg = Release|Any CPU
		{87F97393-5781-4D04-8310-230C25177873}.Release|Any CPU.Build.0 = Release|Any CPU
		{15D6FA04-4856-4A1D-A116-B959DD6897B6}.Debug|Any CPU.ActiveCfg = Debug|Any CPU
		{15D6FA04-4856-4A1D-A116-B959DD6897B6}.Debug|Any CPU.Build.0 = Debug|Any CPU
		{15D6FA04-4856-4A1D-A116-B959DD6897B6}.Release|Any CPU.ActiveCfg = Release|Any CPU
		{15D6FA04-4856-4A1D-A116-B959DD6897B6}.Release|Any CPU.Build.0 = Release|Any CPU
		{C0A052BC-84AB-4362-AFD3-CD51C3051941}.Debug|Any CPU.ActiveCfg = Debug|Any CPU
		{C0A052BC-84AB-4362-AFD3-CD51C3051941}.Debug|Any CPU.Build.0 = Debug|Any CPU
		{C0A052BC-84AB-4362-AFD3-CD51C3051941}.Release|Any CPU.ActiveCfg = Release|Any CPU
		{C0A052BC-84AB-4362-AFD3-CD51C3051941}.Release|Any CPU.Build.0 = Release|Any CPU
		{8E4D86C1-4DD7-4E08-B909-4CA82B28806C}.Debug|Any CPU.ActiveCfg = Debug|Any CPU
		{8E4D86C1-4DD7-4E08-B909-4CA82B28806C}.Debug|Any CPU.Build.0 = Debug|Any CPU
		{8E4D86C1-4DD7-4E08-B909-4CA82B28806C}.Release|Any CPU.ActiveCfg = Release|Any CPU
		{8E4D86C1-4DD7-4E08-B909-4CA82B28806C}.Release|Any CPU.Build.0 = Release|Any CPU
		{0D378AE4-4058-448D-BF8C-7CA87951D65B}.Debug|Any CPU.ActiveCfg = Debug|Any CPU
		{0D378AE4-4058-448D-BF8C-7CA87951D65B}.Debug|Any CPU.Build.0 = Debug|Any CPU
		{0D378AE4-4058-448D-BF8C-7CA87951D65B}.Release|Any CPU.ActiveCfg = Release|Any CPU
		{0D378AE4-4058-448D-BF8C-7CA87951D65B}.Release|Any CPU.Build.0 = Release|Any CPU
		{172E7160-F79E-465E-85E7-A1FCC695E4E9}.Debug|Any CPU.ActiveCfg = Debug|Any CPU
		{172E7160-F79E-465E-85E7-A1FCC695E4E9}.Debug|Any CPU.Build.0 = Debug|Any CPU
		{172E7160-F79E-465E-85E7-A1FCC695E4E9}.Release|Any CPU.ActiveCfg = Release|Any CPU
		{172E7160-F79E-465E-85E7-A1FCC695E4E9}.Release|Any CPU.Build.0 = Release|Any CPU
		{C2AF7DB6-0604-40F3-8FB3-C50748EEC505}.Debug|Any CPU.ActiveCfg = Debug|Any CPU
		{C2AF7DB6-0604-40F3-8FB3-C50748EEC505}.Debug|Any CPU.Build.0 = Debug|Any CPU
		{C2AF7DB6-0604-40F3-8FB3-C50748EEC505}.Release|Any CPU.ActiveCfg = Release|Any CPU
		{C2AF7DB6-0604-40F3-8FB3-C50748EEC505}.Release|Any CPU.Build.0 = Release|Any CPU
		{45E7A02B-CF5F-43BA-BEE1-C7082FC9F4E5}.Debug|Any CPU.ActiveCfg = Debug|Any CPU
		{45E7A02B-CF5F-43BA-BEE1-C7082FC9F4E5}.Debug|Any CPU.Build.0 = Debug|Any CPU
		{45E7A02B-CF5F-43BA-BEE1-C7082FC9F4E5}.Release|Any CPU.ActiveCfg = Release|Any CPU
		{45E7A02B-CF5F-43BA-BEE1-C7082FC9F4E5}.Release|Any CPU.Build.0 = Release|Any CPU
		{B45991C9-5A20-43EF-8F91-2AFA34D753F6}.Debug|Any CPU.ActiveCfg = Debug|Any CPU
		{B45991C9-5A20-43EF-8F91-2AFA34D753F6}.Debug|Any CPU.Build.0 = Debug|Any CPU
		{B45991C9-5A20-43EF-8F91-2AFA34D753F6}.Release|Any CPU.ActiveCfg = Release|Any CPU
		{B45991C9-5A20-43EF-8F91-2AFA34D753F6}.Release|Any CPU.Build.0 = Release|Any CPU
		{8F9A99AD-7D7B-402D-8D2E-4BE6554F2525}.Debug|Any CPU.ActiveCfg = Debug|Any CPU
		{8F9A99AD-7D7B-402D-8D2E-4BE6554F2525}.Debug|Any CPU.Build.0 = Debug|Any CPU
		{8F9A99AD-7D7B-402D-8D2E-4BE6554F2525}.Release|Any CPU.ActiveCfg = Release|Any CPU
		{8F9A99AD-7D7B-402D-8D2E-4BE6554F2525}.Release|Any CPU.Build.0 = Release|Any CPU
		{2007D5A3-388F-43B1-9EE5-7779261324C9}.Debug|Any CPU.ActiveCfg = Debug|Any CPU
		{2007D5A3-388F-43B1-9EE5-7779261324C9}.Debug|Any CPU.Build.0 = Debug|Any CPU
		{2007D5A3-388F-43B1-9EE5-7779261324C9}.Release|Any CPU.ActiveCfg = Release|Any CPU
		{2007D5A3-388F-43B1-9EE5-7779261324C9}.Release|Any CPU.Build.0 = Release|Any CPU
		{755EF18F-C65D-45B7-A0AC-529CCBAD8492}.Debug|Any CPU.ActiveCfg = Debug|Any CPU
		{755EF18F-C65D-45B7-A0AC-529CCBAD8492}.Debug|Any CPU.Build.0 = Debug|Any CPU
		{755EF18F-C65D-45B7-A0AC-529CCBAD8492}.Release|Any CPU.ActiveCfg = Release|Any CPU
		{755EF18F-C65D-45B7-A0AC-529CCBAD8492}.Release|Any CPU.Build.0 = Release|Any CPU
		{7BF4FA94-5B77-4F8D-B839-F7FF54964683}.Debug|Any CPU.ActiveCfg = Debug|Any CPU
		{7BF4FA94-5B77-4F8D-B839-F7FF54964683}.Debug|Any CPU.Build.0 = Debug|Any CPU
		{7BF4FA94-5B77-4F8D-B839-F7FF54964683}.Release|Any CPU.ActiveCfg = Release|Any CPU
		{7BF4FA94-5B77-4F8D-B839-F7FF54964683}.Release|Any CPU.Build.0 = Release|Any CPU
		{DC1BB92C-3AB4-4658-A7E6-5593842D8B6C}.Debug|Any CPU.ActiveCfg = Debug|Any CPU
		{DC1BB92C-3AB4-4658-A7E6-5593842D8B6C}.Debug|Any CPU.Build.0 = Debug|Any CPU
		{DC1BB92C-3AB4-4658-A7E6-5593842D8B6C}.Release|Any CPU.ActiveCfg = Release|Any CPU
		{DC1BB92C-3AB4-4658-A7E6-5593842D8B6C}.Release|Any CPU.Build.0 = Release|Any CPU
		{C93B6621-6D76-445B-9AE1-11CBD91909FE}.Debug|Any CPU.ActiveCfg = Debug|Any CPU
		{C93B6621-6D76-445B-9AE1-11CBD91909FE}.Debug|Any CPU.Build.0 = Debug|Any CPU
		{C93B6621-6D76-445B-9AE1-11CBD91909FE}.Release|Any CPU.ActiveCfg = Release|Any CPU
		{C93B6621-6D76-445B-9AE1-11CBD91909FE}.Release|Any CPU.Build.0 = Release|Any CPU
	EndGlobalSection
EndGlobal
